
Microsoft Visual Studio Solution File, Format Version 12.00
# Visual Studio Version 17
VisualStudioVersion = 17.5.002.0
MinimumVisualStudioVersion = 10.0.40219.1
Project("{2150E333-8FDC-42A3-9474-1A3956D46DE8}") = "src", "src", "{6CD508EF-366A-4E39-A3FC-5FC34574C7C5}"
EndProject
Project("{9A19103F-16F7-4668-BE54-9A1E7A4F7556}") = "DrawnUi.Maui", "src\Engine\Maui\DrawnUi.Maui.csproj", "{DBAA2877-4197-44CE-9A0B-9548C1C2C4DC}"
EndProject
Project("{2150E333-8FDC-42A3-9474-1A3956D46DE8}") = "Addons", "Addons", "{5B1CDC4F-5ED6-4662-8EC6-3DE3FF0B05BE}"
EndProject
Project("{9A19103F-16F7-4668-BE54-9A1E7A4F7556}") = "DrawnUi.Maui.Camera", "src\Addons\DrawnUi.Maui.Camera\DrawnUi.Maui.Camera.csproj", "{DD2D491D-7046-41D2-A00E-FE65CBADE85E}"
EndProject
Project("{9A19103F-16F7-4668-BE54-9A1E7A4F7556}") = "DrawnUi.Maui.Game", "src\Addons\DrawnUi.Maui.Game\DrawnUi.Maui.Game.csproj", "{793E382E-815C-42A2-B045-44FF930BED07}"
EndProject
Project("{9A19103F-16F7-4668-BE54-9A1E7A4F7556}") = "DrawnUi.Maui.Rive", "src\Addons\DrawnUi.Maui.Rive\DrawnUi.Maui.Rive.csproj", "{D7378AE6-03ED-4295-8821-DAA5B2A263FB}"
EndProject
Project("{9A19103F-16F7-4668-BE54-9A1E7A4F7556}") = "DrawnUi.MauiGraphics", "src\Addons\DrawnUi.MauiGraphics\DrawnUi.MauiGraphics.csproj", "{E1A7A5B7-8B7A-43CC-888B-4CF97783AFB7}"
EndProject
Project("{2150E333-8FDC-42A3-9474-1A3956D46DE8}") = "samples", "samples", "{68A72DAA-3C71-4D0E-8B86-9D7C2D853E2A}"
EndProject
Project("{9A19103F-16F7-4668-BE54-9A1E7A4F7556}") = "Sandbox", "src\samples\Sandbox\Sandbox.csproj", "{42925A8C-3125-44E4-AD4F-49DBE3BD6646}"
EndProject
Project("{2150E333-8FDC-42A3-9474-1A3956D46DE8}") = "test", "test", "{8ED244C1-6F60-4954-BC7F-98D827EA31CC}"
EndProject
Project("{9A19103F-16F7-4668-BE54-9A1E7A4F7556}") = "SomeBenchmarks", "src\test\SomeBenchmarks\SomeBenchmarks.csproj", "{441DFECC-C694-4B72-BA21-CE40E810A575}"
EndProject
Project("{9A19103F-16F7-4668-BE54-9A1E7A4F7556}") = "UnitTests", "src\test\UnitTests\UnitTests.csproj", "{1BECAEC0-5BCC-49FE-AB0B-0677D78C3D0B}"
EndProject
Project("{2150E333-8FDC-42A3-9474-1A3956D46DE8}") = "DrawnUi.Maui.MapsUi", "DrawnUi.Maui.MapsUi", "{A0568225-C0B6-4BFA-A65D-BB4E53BDCB99}"
EndProject
Project("{9A19103F-16F7-4668-BE54-9A1E7A4F7556}") = "DrawnUi.Maui.MapsUi", "src\Addons\DrawnUi.Maui.MapsUi\src\DrawnUi.Maui.MapsUi.csproj", "{9DD2A9C8-E84C-4CD7-A9E3-C53F1CD1B56B}"
EndProject
Project("{2150E333-8FDC-42A3-9474-1A3956D46DE8}") = "Solution Items", "Solution Items", "{386EDAF8-4CCB-436C-BF31-CC1B2AA81E6E}"
	ProjectSection(SolutionItems) = preProject
		src\Directory.Build.props = src\Directory.Build.props
	EndProjectSection
EndProject
Project("{2150E333-8FDC-42A3-9474-1A3956D46DE8}") = "Engine", "Engine", "{0BD07AED-AF7D-4F6D-918F-A5830CB81A06}"
EndProject
Project("{D954291E-2A0B-460D-934E-DC6B0785DB48}") = "DrawnUi.Shared", "src\Engine\Shared\DrawnUi.Shared.shproj", "{83974207-9636-48DD-BDB3-98EDECBB1107}"
EndProject
Project("{2150E333-8FDC-42A3-9474-1A3956D46DE8}") = "Xamarin", "Xamarin", "{C35A3E35-F1E0-4278-8EAA-9E39946E205C}"
EndProject
Project("{2150E333-8FDC-42A3-9474-1A3956D46DE8}") = "Maui", "Maui", "{B38880D8-AA12-4AC7-9846-A27607948018}"
EndProject
Project("{FAE04EC0-301F-11D3-BF4B-00C04F79EFBC}") = "AppoMobi.Xamarin.DEV", "src\Engine\Xamarin\Dev\AppoMobi.Xamarin.DEV.csproj", "{A346C7F4-6778-42C7-BF3B-C693FECDD0CC}"
EndProject
Global
	GlobalSection(SolutionConfigurationPlatforms) = preSolution
		Debug|Any CPU = Debug|Any CPU
		Release|Any CPU = Release|Any CPU
	EndGlobalSection
	GlobalSection(ProjectConfigurationPlatforms) = postSolution
		{DBAA2877-4197-44CE-9A0B-9548C1C2C4DC}.Debug|Any CPU.ActiveCfg = Debug|Any CPU
		{DBAA2877-4197-44CE-9A0B-9548C1C2C4DC}.Debug|Any CPU.Build.0 = Debug|Any CPU
		{DBAA2877-4197-44CE-9A0B-9548C1C2C4DC}.Release|Any CPU.ActiveCfg = Release|Any CPU
		{DBAA2877-4197-44CE-9A0B-9548C1C2C4DC}.Release|Any CPU.Build.0 = Release|Any CPU
		{DD2D491D-7046-41D2-A00E-FE65CBADE85E}.Debug|Any CPU.ActiveCfg = Debug|Any CPU
		{DD2D491D-7046-41D2-A00E-FE65CBADE85E}.Debug|Any CPU.Build.0 = Debug|Any CPU
		{DD2D491D-7046-41D2-A00E-FE65CBADE85E}.Release|Any CPU.ActiveCfg = Release|Any CPU
		{DD2D491D-7046-41D2-A00E-FE65CBADE85E}.Release|Any CPU.Build.0 = Release|Any CPU
		{793E382E-815C-42A2-B045-44FF930BED07}.Debug|Any CPU.ActiveCfg = Debug|Any CPU
		{793E382E-815C-42A2-B045-44FF930BED07}.Debug|Any CPU.Build.0 = Debug|Any CPU
		{793E382E-815C-42A2-B045-44FF930BED07}.Release|Any CPU.ActiveCfg = Release|Any CPU
		{793E382E-815C-42A2-B045-44FF930BED07}.Release|Any CPU.Build.0 = Release|Any CPU
		{D7378AE6-03ED-4295-8821-DAA5B2A263FB}.Debug|Any CPU.ActiveCfg = Debug|Any CPU
		{D7378AE6-03ED-4295-8821-DAA5B2A263FB}.Debug|Any CPU.Build.0 = Debug|Any CPU
		{D7378AE6-03ED-4295-8821-DAA5B2A263FB}.Release|Any CPU.ActiveCfg = Release|Any CPU
		{D7378AE6-03ED-4295-8821-DAA5B2A263FB}.Release|Any CPU.Build.0 = Release|Any CPU
		{E1A7A5B7-8B7A-43CC-888B-4CF97783AFB7}.Debug|Any CPU.ActiveCfg = Debug|Any CPU
		{E1A7A5B7-8B7A-43CC-888B-4CF97783AFB7}.Debug|Any CPU.Build.0 = Debug|Any CPU
		{E1A7A5B7-8B7A-43CC-888B-4CF97783AFB7}.Release|Any CPU.ActiveCfg = Release|Any CPU
		{E1A7A5B7-8B7A-43CC-888B-4CF97783AFB7}.Release|Any CPU.Build.0 = Release|Any CPU
		{42925A8C-3125-44E4-AD4F-49DBE3BD6646}.Debug|Any CPU.ActiveCfg = Debug|Any CPU
		{42925A8C-3125-44E4-AD4F-49DBE3BD6646}.Debug|Any CPU.Build.0 = Debug|Any CPU
		{42925A8C-3125-44E4-AD4F-49DBE3BD6646}.Release|Any CPU.ActiveCfg = Release|Any CPU
		{42925A8C-3125-44E4-AD4F-49DBE3BD6646}.Release|Any CPU.Build.0 = Release|Any CPU
		{441DFECC-C694-4B72-BA21-CE40E810A575}.Debug|Any CPU.ActiveCfg = Debug|Any CPU
		{441DFECC-C694-4B72-BA21-CE40E810A575}.Debug|Any CPU.Build.0 = Debug|Any CPU
		{441DFECC-C694-4B72-BA21-CE40E810A575}.Release|Any CPU.ActiveCfg = Release|Any CPU
		{441DFECC-C694-4B72-BA21-CE40E810A575}.Release|Any CPU.Build.0 = Release|Any CPU
		{1BECAEC0-5BCC-49FE-AB0B-0677D78C3D0B}.Debug|Any CPU.ActiveCfg = Debug|Any CPU
		{1BECAEC0-5BCC-49FE-AB0B-0677D78C3D0B}.Debug|Any CPU.Build.0 = Debug|Any CPU
		{1BECAEC0-5BCC-49FE-AB0B-0677D78C3D0B}.Release|Any CPU.ActiveCfg = Release|Any CPU
		{1BECAEC0-5BCC-49FE-AB0B-0677D78C3D0B}.Release|Any CPU.Build.0 = Release|Any CPU
		{9DD2A9C8-E84C-4CD7-A9E3-C53F1CD1B56B}.Debug|Any CPU.ActiveCfg = Debug|Any CPU
		{9DD2A9C8-E84C-4CD7-A9E3-C53F1CD1B56B}.Debug|Any CPU.Build.0 = Debug|Any CPU
		{9DD2A9C8-E84C-4CD7-A9E3-C53F1CD1B56B}.Release|Any CPU.ActiveCfg = Release|Any CPU
		{9DD2A9C8-E84C-4CD7-A9E3-C53F1CD1B56B}.Release|Any CPU.Build.0 = Release|Any CPU
		{A346C7F4-6778-42C7-BF3B-C693FECDD0CC}.Debug|Any CPU.ActiveCfg = Debug|Any CPU
		{A346C7F4-6778-42C7-BF3B-C693FECDD0CC}.Debug|Any CPU.Build.0 = Debug|Any CPU
		{A346C7F4-6778-42C7-BF3B-C693FECDD0CC}.Release|Any CPU.ActiveCfg = Release|Any CPU
		{A346C7F4-6778-42C7-BF3B-C693FECDD0CC}.Release|Any CPU.Build.0 = Release|Any CPU
	EndGlobalSection
	GlobalSection(SolutionProperties) = preSolution
		HideSolutionNode = FALSE
	EndGlobalSection
	GlobalSection(NestedProjects) = preSolution
		{DBAA2877-4197-44CE-9A0B-9548C1C2C4DC} = {B38880D8-AA12-4AC7-9846-A27607948018}
		{5B1CDC4F-5ED6-4662-8EC6-3DE3FF0B05BE} = {6CD508EF-366A-4E39-A3FC-5FC34574C7C5}
		{DD2D491D-7046-41D2-A00E-FE65CBADE85E} = {5B1CDC4F-5ED6-4662-8EC6-3DE3FF0B05BE}
		{793E382E-815C-42A2-B045-44FF930BED07} = {5B1CDC4F-5ED6-4662-8EC6-3DE3FF0B05BE}
		{D7378AE6-03ED-4295-8821-DAA5B2A263FB} = {5B1CDC4F-5ED6-4662-8EC6-3DE3FF0B05BE}
		{E1A7A5B7-8B7A-43CC-888B-4CF97783AFB7} = {5B1CDC4F-5ED6-4662-8EC6-3DE3FF0B05BE}
		{68A72DAA-3C71-4D0E-8B86-9D7C2D853E2A} = {6CD508EF-366A-4E39-A3FC-5FC34574C7C5}
		{42925A8C-3125-44E4-AD4F-49DBE3BD6646} = {68A72DAA-3C71-4D0E-8B86-9D7C2D853E2A}
		{8ED244C1-6F60-4954-BC7F-98D827EA31CC} = {6CD508EF-366A-4E39-A3FC-5FC34574C7C5}
		{441DFECC-C694-4B72-BA21-CE40E810A575} = {8ED244C1-6F60-4954-BC7F-98D827EA31CC}
		{1BECAEC0-5BCC-49FE-AB0B-0677D78C3D0B} = {8ED244C1-6F60-4954-BC7F-98D827EA31CC}
		{A0568225-C0B6-4BFA-A65D-BB4E53BDCB99} = {5B1CDC4F-5ED6-4662-8EC6-3DE3FF0B05BE}
		{9DD2A9C8-E84C-4CD7-A9E3-C53F1CD1B56B} = {A0568225-C0B6-4BFA-A65D-BB4E53BDCB99}
		{0BD07AED-AF7D-4F6D-918F-A5830CB81A06} = {6CD508EF-366A-4E39-A3FC-5FC34574C7C5}
		{83974207-9636-48DD-BDB3-98EDECBB1107} = {0BD07AED-AF7D-4F6D-918F-A5830CB81A06}
		{C35A3E35-F1E0-4278-8EAA-9E39946E205C} = {0BD07AED-AF7D-4F6D-918F-A5830CB81A06}
		{B38880D8-AA12-4AC7-9846-A27607948018} = {0BD07AED-AF7D-4F6D-918F-A5830CB81A06}
		{A346C7F4-6778-42C7-BF3B-C693FECDD0CC} = {C35A3E35-F1E0-4278-8EAA-9E39946E205C}
	EndGlobalSection
	GlobalSection(ExtensibilityGlobals) = postSolution
		SolutionGuid = {329E3D0C-A3F7-4A3E-B61C-6B2D1BD7F708}
	EndGlobalSection
	GlobalSection(SharedMSBuildProjectFiles) = preSolution
		src\Engine\Shared\Shared.projitems*{83974207-9636-48dd-bdb3-98edecbb1107}*SharedItemsImports = 13
		src\Engine\Shared\Shared.projitems*{a346c7f4-6778-42c7-bf3b-c693fecdd0cc}*SharedItemsImports = 5
		src\Engine\Shared\Shared.projitems*{dbaa2877-4197-44ce-9a0b-9548c1c2c4dc}*SharedItemsImports = 5
	EndGlobalSection
EndGlobal
