
Microsoft Visual Studio Solution File, Format Version 12.00
# Visual Studio Version 17
VisualStudioVersion = 17.5.002.0
MinimumVisualStudioVersion = 10.0.40219.1
Project("{2150E333-8FDC-42A3-9474-1A3956D46DE8}") = "src", "src", "{6CD508EF-366A-4E39-A3FC-5FC34574C7C5}"
EndProject
Project("{9A19103F-16F7-4668-BE54-9A1E7A4F7556}") = "DrawnUi.Maui", "src\Engine\DrawnUi.Maui.csproj", "{DBAA2877-4197-44CE-9A0B-9548C1C2C4DC}"
EndProject
Project("{2150E333-8FDC-42A3-9474-1A3956D46DE8}") = "Addons", "Addons", "{5B1CDC4F-5ED6-4662-8EC6-3DE3FF0B05BE}"
EndProject
Project("{9A19103F-16F7-4668-BE54-9A1E7A4F7556}") = "DrawnUi - Backup.Maui.Camera", "src\Addons\DrawnUi.Maui.Camera\DrawnUi - Backup.Maui.Camera.csproj", "{B65787D0-7FFE-43C3-BDBA-DE277C22FFE4}"
EndProject
Project("{9A19103F-16F7-4668-BE54-9A1E7A4F7556}") = "DrawnUi.Maui.Camera", "src\Addons\DrawnUi.Maui.Camera\DrawnUi.Maui.Camera.csproj", "{DD2D491D-7046-41D2-A00E-FE65CBADE85E}"
EndProject
Project("{9A19103F-16F7-4668-BE54-9A1E7A4F7556}") = "DrawnUi - Backup (1).Maui.Game", "src\Addons\DrawnUi.Maui.Game\DrawnUi - Backup (1).Maui.Game.csproj", "{A596FEDA-CFE6-465D-B80B-C14E1BF44D94}"
EndProject
Project("{9A19103F-16F7-4668-BE54-9A1E7A4F7556}") = "DrawnUi - Backup (2).Maui.Game", "src\Addons\DrawnUi.Maui.Game\DrawnUi - Backup (2).Maui.Game.csproj", "{88FA74C0-07D1-4D38-934F-E44D8A451456}"
EndProject
Project("{9A19103F-16F7-4668-BE54-9A1E7A4F7556}") = "DrawnUi - Backup.Maui.Game", "src\Addons\DrawnUi.Maui.Game\DrawnUi - Backup.Maui.Game.csproj", "{E215E2F4-8ABE-416A-A0B3-2910895B0E07}"
EndProject
Project("{9A19103F-16F7-4668-BE54-9A1E7A4F7556}") = "DrawnUi.Maui.Game", "src\Addons\DrawnUi.Maui.Game\DrawnUi.Maui.Game.csproj", "{793E382E-815C-42A2-B045-44FF930BED07}"
EndProject
Project("{9A19103F-16F7-4668-BE54-9A1E7A4F7556}") = "DrawnUi - Backup (1).Maui.Rive", "src\Addons\DrawnUi.Maui.Rive\DrawnUi - Backup (1).Maui.Rive.csproj", "{1FAD3F29-25BA-47ED-B099-7FED6959C048}"
EndProject
Project("{9A19103F-16F7-4668-BE54-9A1E7A4F7556}") = "DrawnUi - Backup (2).Maui.Rive", "src\Addons\DrawnUi.Maui.Rive\DrawnUi - Backup (2).Maui.Rive.csproj", "{D064CBDA-81FD-4C1C-9D3E-534242B5D9BA}"
EndProject
Project("{9A19103F-16F7-4668-BE54-9A1E7A4F7556}") = "DrawnUi - Backup.Maui.Rive", "src\Addons\DrawnUi.Maui.Rive\DrawnUi - Backup.Maui.Rive.csproj", "{0F07D1EE-B69E-4370-87F6-0FCD42E7A01D}"
EndProject
Project("{9A19103F-16F7-4668-BE54-9A1E7A4F7556}") = "DrawnUi.Maui.Rive", "src\Addons\DrawnUi.Maui.Rive\DrawnUi.Maui.Rive.csproj", "{D7378AE6-03ED-4295-8821-DAA5B2A263FB}"
EndProject
Project("{9A19103F-16F7-4668-BE54-9A1E7A4F7556}") = "DrawnUi - Backup (1).MauiGraphics", "src\Addons\DrawnUi.MauiGraphics\DrawnUi - Backup (1).MauiGraphics.csproj", "{D5AA7BAA-39AE-44C8-B55B-9D0CF4BE584F}"
EndProject
Project("{9A19103F-16F7-4668-BE54-9A1E7A4F7556}") = "DrawnUi - Backup (2).MauiGraphics", "src\Addons\DrawnUi.MauiGraphics\DrawnUi - Backup (2).MauiGraphics.csproj", "{AEC3A230-E940-458E-AA88-41CCBBA37FF8}"
EndProject
Project("{9A19103F-16F7-4668-BE54-9A1E7A4F7556}") = "DrawnUi - Backup.MauiGraphics", "src\Addons\DrawnUi.MauiGraphics\DrawnUi - Backup.MauiGraphics.csproj", "{B9921AC0-82BF-4422-8F9E-77C42E8BA885}"
EndProject
Project("{9A19103F-16F7-4668-BE54-9A1E7A4F7556}") = "DrawnUi.MauiGraphics", "src\Addons\DrawnUi.MauiGraphics\DrawnUi.MauiGraphics.csproj", "{E1A7A5B7-8B7A-43CC-888B-4CF97783AFB7}"
EndProject
Project("{2150E333-8FDC-42A3-9474-1A3956D46DE8}") = "samples", "samples", "{68A72DAA-3C71-4D0E-8B86-9D7C2D853E2A}"
EndProject
Project("{9A19103F-16F7-4668-BE54-9A1E7A4F7556}") = "Sandbox", "src\samples\Sandbox\Sandbox.csproj", "{42925A8C-3125-44E4-AD4F-49DBE3BD6646}"
EndProject
Project("{2150E333-8FDC-42A3-9474-1A3956D46DE8}") = "test", "test", "{8ED244C1-6F60-4954-BC7F-98D827EA31CC}"
EndProject
Project("{9A19103F-16F7-4668-BE54-9A1E7A4F7556}") = "SomeBenchmarks", "src\test\SomeBenchmarks\SomeBenchmarks.csproj", "{441DFECC-C694-4B72-BA21-CE40E810A575}"
EndProject
Project("{9A19103F-16F7-4668-BE54-9A1E7A4F7556}") = "UnitTests", "src\test\UnitTests\UnitTests.csproj", "{1BECAEC0-5BCC-49FE-AB0B-0677D78C3D0B}"
EndProject
Project("{2150E333-8FDC-42A3-9474-1A3956D46DE8}") = "DrawnUi.Maui.MapsUi", "DrawnUi.Maui.MapsUi", "{A0568225-C0B6-4BFA-A65D-BB4E53BDCB99}"
EndProject
Project("{9A19103F-16F7-4668-BE54-9A1E7A4F7556}") = "DrawnUi - Backup.Maui.MapsUi", "src\Addons\DrawnUi.Maui.MapsUi\src\DrawnUi - Backup.Maui.MapsUi.csproj", "{711020F0-E8CA-4C06-BA9B-B47AF11B83D4}"
EndProject
Project("{9A19103F-16F7-4668-BE54-9A1E7A4F7556}") = "DrawnUi.Maui.MapsUi", "src\Addons\DrawnUi.Maui.MapsUi\src\DrawnUi.Maui.MapsUi.csproj", "{9DD2A9C8-E84C-4CD7-A9E3-C53F1CD1B56B}"
EndProject
Global
	GlobalSection(SolutionConfigurationPlatforms) = preSolution
		Debug|Any CPU = Debug|Any CPU
		Release|Any CPU = Release|Any CPU
	EndGlobalSection
	GlobalSection(ProjectConfigurationPlatforms) = postSolution
		{DBAA2877-4197-44CE-9A0B-9548C1C2C4DC}.Debug|Any CPU.ActiveCfg = Debug|Any CPU
		{DBAA2877-4197-44CE-9A0B-9548C1C2C4DC}.Debug|Any CPU.Build.0 = Debug|Any CPU
		{DBAA2877-4197-44CE-9A0B-9548C1C2C4DC}.Release|Any CPU.ActiveCfg = Release|Any CPU
		{DBAA2877-4197-44CE-9A0B-9548C1C2C4DC}.Release|Any CPU.Build.0 = Release|Any CPU
		{B65787D0-7FFE-43C3-BDBA-DE277C22FFE4}.Debug|Any CPU.ActiveCfg = Debug|Any CPU
		{B65787D0-7FFE-43C3-BDBA-DE277C22FFE4}.Debug|Any CPU.Build.0 = Debug|Any CPU
		{B65787D0-7FFE-43C3-BDBA-DE277C22FFE4}.Release|Any CPU.ActiveCfg = Release|Any CPU
		{B65787D0-7FFE-43C3-BDBA-DE277C22FFE4}.Release|Any CPU.Build.0 = Release|Any CPU
		{DD2D491D-7046-41D2-A00E-FE65CBADE85E}.Debug|Any CPU.ActiveCfg = Debug|Any CPU
		{DD2D491D-7046-41D2-A00E-FE65CBADE85E}.Debug|Any CPU.Build.0 = Debug|Any CPU
		{DD2D491D-7046-41D2-A00E-FE65CBADE85E}.Release|Any CPU.ActiveCfg = Release|Any CPU
		{DD2D491D-7046-41D2-A00E-FE65CBADE85E}.Release|Any CPU.Build.0 = Release|Any CPU
		{A596FEDA-CFE6-465D-B80B-C14E1BF44D94}.Debug|Any CPU.ActiveCfg = Debug|Any CPU
		{A596FEDA-CFE6-465D-B80B-C14E1BF44D94}.Debug|Any CPU.Build.0 = Debug|Any CPU
		{A596FEDA-CFE6-465D-B80B-C14E1BF44D94}.Release|Any CPU.ActiveCfg = Release|Any CPU
		{A596FEDA-CFE6-465D-B80B-C14E1BF44D94}.Release|Any CPU.Build.0 = Release|Any CPU
		{88FA74C0-07D1-4D38-934F-E44D8A451456}.Debug|Any CPU.ActiveCfg = Debug|Any CPU
		{88FA74C0-07D1-4D38-934F-E44D8A451456}.Debug|Any CPU.Build.0 = Debug|Any CPU
		{88FA74C0-07D1-4D38-934F-E44D8A451456}.Release|Any CPU.ActiveCfg = Release|Any CPU
		{88FA74C0-07D1-4D38-934F-E44D8A451456}.Release|Any CPU.Build.0 = Release|Any CPU
		{E215E2F4-8ABE-416A-A0B3-2910895B0E07}.Debug|Any CPU.ActiveCfg = Debug|Any CPU
		{E215E2F4-8ABE-416A-A0B3-2910895B0E07}.Debug|Any CPU.Build.0 = Debug|Any CPU
		{E215E2F4-8ABE-416A-A0B3-2910895B0E07}.Release|Any CPU.ActiveCfg = Release|Any CPU
		{E215E2F4-8ABE-416A-A0B3-2910895B0E07}.Release|Any CPU.Build.0 = Release|Any CPU
		{793E382E-815C-42A2-B045-44FF930BED07}.Debug|Any CPU.ActiveCfg = Debug|Any CPU
		{793E382E-815C-42A2-B045-44FF930BED07}.Debug|Any CPU.Build.0 = Debug|Any CPU
		{793E382E-815C-42A2-B045-44FF930BED07}.Release|Any CPU.ActiveCfg = Release|Any CPU
		{793E382E-815C-42A2-B045-44FF930BED07}.Release|Any CPU.Build.0 = Release|Any CPU
		{1FAD3F29-25BA-47ED-B099-7FED6959C048}.Debug|Any CPU.ActiveCfg = Debug|Any CPU
		{1FAD3F29-25BA-47ED-B099-7FED6959C048}.Debug|Any CPU.Build.0 = Debug|Any CPU
		{1FAD3F29-25BA-47ED-B099-7FED6959C048}.Release|Any CPU.ActiveCfg = Release|Any CPU
		{1FAD3F29-25BA-47ED-B099-7FED6959C048}.Release|Any CPU.Build.0 = Release|Any CPU
		{D064CBDA-81FD-4C1C-9D3E-534242B5D9BA}.Debug|Any CPU.ActiveCfg = Debug|Any CPU
		{D064CBDA-81FD-4C1C-9D3E-534242B5D9BA}.Debug|Any CPU.Build.0 = Debug|Any CPU
		{D064CBDA-81FD-4C1C-9D3E-534242B5D9BA}.Release|Any CPU.ActiveCfg = Release|Any CPU
		{D064CBDA-81FD-4C1C-9D3E-534242B5D9BA}.Release|Any CPU.Build.0 = Release|Any CPU
		{0F07D1EE-B69E-4370-87F6-0FCD42E7A01D}.Debug|Any CPU.ActiveCfg = Debug|Any CPU
		{0F07D1EE-B69E-4370-87F6-0FCD42E7A01D}.Debug|Any CPU.Build.0 = Debug|Any CPU
		{0F07D1EE-B69E-4370-87F6-0FCD42E7A01D}.Release|Any CPU.ActiveCfg = Release|Any CPU
		{0F07D1EE-B69E-4370-87F6-0FCD42E7A01D}.Release|Any CPU.Build.0 = Release|Any CPU
		{D7378AE6-03ED-4295-8821-DAA5B2A263FB}.Debug|Any CPU.ActiveCfg = Debug|Any CPU
		{D7378AE6-03ED-4295-8821-DAA5B2A263FB}.Debug|Any CPU.Build.0 = Debug|Any CPU
		{D7378AE6-03ED-4295-8821-DAA5B2A263FB}.Release|Any CPU.ActiveCfg = Release|Any CPU
		{D7378AE6-03ED-4295-8821-DAA5B2A263FB}.Release|Any CPU.Build.0 = Release|Any CPU
		{D5AA7BAA-39AE-44C8-B55B-9D0CF4BE584F}.Debug|Any CPU.ActiveCfg = Debug|Any CPU
		{D5AA7BAA-39AE-44C8-B55B-9D0CF4BE584F}.Debug|Any CPU.Build.0 = Debug|Any CPU
		{D5AA7BAA-39AE-44C8-B55B-9D0CF4BE584F}.Release|Any CPU.ActiveCfg = Release|Any CPU
		{D5AA7BAA-39AE-44C8-B55B-9D0CF4BE584F}.Release|Any CPU.Build.0 = Release|Any CPU
		{AEC3A230-E940-458E-AA88-41CCBBA37FF8}.Debug|Any CPU.ActiveCfg = Debug|Any CPU
		{AEC3A230-E940-458E-AA88-41CCBBA37FF8}.Debug|Any CPU.Build.0 = Debug|Any CPU
		{AEC3A230-E940-458E-AA88-41CCBBA37FF8}.Release|Any CPU.ActiveCfg = Release|Any CPU
		{AEC3A230-E940-458E-AA88-41CCBBA37FF8}.Release|Any CPU.Build.0 = Release|Any CPU
		{B9921AC0-82BF-4422-8F9E-77C42E8BA885}.Debug|Any CPU.ActiveCfg = Debug|Any CPU
		{B9921AC0-82BF-4422-8F9E-77C42E8BA885}.Debug|Any CPU.Build.0 = Debug|Any CPU
		{B9921AC0-82BF-4422-8F9E-77C42E8BA885}.Release|Any CPU.ActiveCfg = Release|Any CPU
		{B9921AC0-82BF-4422-8F9E-77C42E8BA885}.Release|Any CPU.Build.0 = Release|Any CPU
		{E1A7A5B7-8B7A-43CC-888B-4CF97783AFB7}.Debug|Any CPU.ActiveCfg = Debug|Any CPU
		{E1A7A5B7-8B7A-43CC-888B-4CF97783AFB7}.Debug|Any CPU.Build.0 = Debug|Any CPU
		{E1A7A5B7-8B7A-43CC-888B-4CF97783AFB7}.Release|Any CPU.ActiveCfg = Release|Any CPU
		{E1A7A5B7-8B7A-43CC-888B-4CF97783AFB7}.Release|Any CPU.Build.0 = Release|Any CPU
		{42925A8C-3125-44E4-AD4F-49DBE3BD6646}.Debug|Any CPU.ActiveCfg = Debug|Any CPU
		{42925A8C-3125-44E4-AD4F-49DBE3BD6646}.Debug|Any CPU.Build.0 = Debug|Any CPU
		{42925A8C-3125-44E4-AD4F-49DBE3BD6646}.Release|Any CPU.ActiveCfg = Release|Any CPU
		{42925A8C-3125-44E4-AD4F-49DBE3BD6646}.Release|Any CPU.Build.0 = Release|Any CPU
		{441DFECC-C694-4B72-BA21-CE40E810A575}.Debug|Any CPU.ActiveCfg = Debug|Any CPU
		{441DFECC-C694-4B72-BA21-CE40E810A575}.Debug|Any CPU.Build.0 = Debug|Any CPU
		{441DFECC-C694-4B72-BA21-CE40E810A575}.Release|Any CPU.ActiveCfg = Release|Any CPU
		{441DFECC-C694-4B72-BA21-CE40E810A575}.Release|Any CPU.Build.0 = Release|Any CPU
		{1BECAEC0-5BCC-49FE-AB0B-0677D78C3D0B}.Debug|Any CPU.ActiveCfg = Debug|Any CPU
		{1BECAEC0-5BCC-49FE-AB0B-0677D78C3D0B}.Debug|Any CPU.Build.0 = Debug|Any CPU
		{1BECAEC0-5BCC-49FE-AB0B-0677D78C3D0B}.Release|Any CPU.ActiveCfg = Release|Any CPU
		{1BECAEC0-5BCC-49FE-AB0B-0677D78C3D0B}.Release|Any CPU.Build.0 = Release|Any CPU
		{711020F0-E8CA-4C06-BA9B-B47AF11B83D4}.Debug|Any CPU.ActiveCfg = Debug|Any CPU
		{711020F0-E8CA-4C06-BA9B-B47AF11B83D4}.Debug|Any CPU.Build.0 = Debug|Any CPU
		{711020F0-E8CA-4C06-BA9B-B47AF11B83D4}.Release|Any CPU.ActiveCfg = Release|Any CPU
		{711020F0-E8CA-4C06-BA9B-B47AF11B83D4}.Release|Any CPU.Build.0 = Release|Any CPU
		{9DD2A9C8-E84C-4CD7-A9E3-C53F1CD1B56B}.Debug|Any CPU.ActiveCfg = Debug|Any CPU
		{9DD2A9C8-E84C-4CD7-A9E3-C53F1CD1B56B}.Debug|Any CPU.Build.0 = Debug|Any CPU
		{9DD2A9C8-E84C-4CD7-A9E3-C53F1CD1B56B}.Release|Any CPU.ActiveCfg = Release|Any CPU
		{9DD2A9C8-E84C-4CD7-A9E3-C53F1CD1B56B}.Release|Any CPU.Build.0 = Release|Any CPU
	EndGlobalSection
	GlobalSection(SolutionProperties) = preSolution
		HideSolutionNode = FALSE
	EndGlobalSection
	GlobalSection(NestedProjects) = preSolution
		{DBAA2877-4197-44CE-9A0B-9548C1C2C4DC} = {6CD508EF-366A-4E39-A3FC-5FC34574C7C5}
		{5B1CDC4F-5ED6-4662-8EC6-3DE3FF0B05BE} = {6CD508EF-366A-4E39-A3FC-5FC34574C7C5}
		{B65787D0-7FFE-43C3-BDBA-DE277C22FFE4} = {5B1CDC4F-5ED6-4662-8EC6-3DE3FF0B05BE}
		{DD2D491D-7046-41D2-A00E-FE65CBADE85E} = {5B1CDC4F-5ED6-4662-8EC6-3DE3FF0B05BE}
		{A596FEDA-CFE6-465D-B80B-C14E1BF44D94} = {5B1CDC4F-5ED6-4662-8EC6-3DE3FF0B05BE}
		{88FA74C0-07D1-4D38-934F-E44D8A451456} = {5B1CDC4F-5ED6-4662-8EC6-3DE3FF0B05BE}
		{E215E2F4-8ABE-416A-A0B3-2910895B0E07} = {5B1CDC4F-5ED6-4662-8EC6-3DE3FF0B05BE}
		{793E382E-815C-42A2-B045-44FF930BED07} = {5B1CDC4F-5ED6-4662-8EC6-3DE3FF0B05BE}
		{1FAD3F29-25BA-47ED-B099-7FED6959C048} = {5B1CDC4F-5ED6-4662-8EC6-3DE3FF0B05BE}
		{D064CBDA-81FD-4C1C-9D3E-534242B5D9BA} = {5B1CDC4F-5ED6-4662-8EC6-3DE3FF0B05BE}
		{0F07D1EE-B69E-4370-87F6-0FCD42E7A01D} = {5B1CDC4F-5ED6-4662-8EC6-3DE3FF0B05BE}
		{D7378AE6-03ED-4295-8821-DAA5B2A263FB} = {5B1CDC4F-5ED6-4662-8EC6-3DE3FF0B05BE}
		{D5AA7BAA-39AE-44C8-B55B-9D0CF4BE584F} = {5B1CDC4F-5ED6-4662-8EC6-3DE3FF0B05BE}
		{AEC3A230-E940-458E-AA88-41CCBBA37FF8} = {5B1CDC4F-5ED6-4662-8EC6-3DE3FF0B05BE}
		{B9921AC0-82BF-4422-8F9E-77C42E8BA885} = {5B1CDC4F-5ED6-4662-8EC6-3DE3FF0B05BE}
		{E1A7A5B7-8B7A-43CC-888B-4CF97783AFB7} = {5B1CDC4F-5ED6-4662-8EC6-3DE3FF0B05BE}
		{68A72DAA-3C71-4D0E-8B86-9D7C2D853E2A} = {6CD508EF-366A-4E39-A3FC-5FC34574C7C5}
		{42925A8C-3125-44E4-AD4F-49DBE3BD6646} = {68A72DAA-3C71-4D0E-8B86-9D7C2D853E2A}
		{8ED244C1-6F60-4954-BC7F-98D827EA31CC} = {6CD508EF-366A-4E39-A3FC-5FC34574C7C5}
		{441DFECC-C694-4B72-BA21-CE40E810A575} = {8ED244C1-6F60-4954-BC7F-98D827EA31CC}
		{1BECAEC0-5BCC-49FE-AB0B-0677D78C3D0B} = {8ED244C1-6F60-4954-BC7F-98D827EA31CC}
		{A0568225-C0B6-4BFA-A65D-BB4E53BDCB99} = {5B1CDC4F-5ED6-4662-8EC6-3DE3FF0B05BE}
		{711020F0-E8CA-4C06-BA9B-B47AF11B83D4} = {A0568225-C0B6-4BFA-A65D-BB4E53BDCB99}
		{9DD2A9C8-E84C-4CD7-A9E3-C53F1CD1B56B} = {A0568225-C0B6-4BFA-A65D-BB4E53BDCB99}
	EndGlobalSection
	GlobalSection(ExtensibilityGlobals) = postSolution
		SolutionGuid = {329E3D0C-A3F7-4A3E-B61C-6B2D1BD7F708}
	EndGlobalSection
EndGlobal
