
Microsoft Visual Studio Solution File, Format Version 12.00
# Visual Studio Version 17
VisualStudioVersion = 17.8.34330.188
MinimumVisualStudioVersion = 10.0.40219.1
Project("{2150E333-8FDC-42A3-9474-1A3956D46DE8}") = "Solution Items", "Solution Items", "{3EEA7F62-9878-451E-A506-28AB7C5DEEB8}"
	ProjectSection(SolutionItems) = preProject
		..\Directory.Build.props = ..\Directory.Build.props
		..\..\nugets\github_uploadnugets.bat = ..\..\nugets\github_uploadnugets.bat
		..\..\nugets\movenugets.bat = ..\..\nugets\movenugets.bat
		..\..\nugets\nuget_uploadnugets.bat = ..\..\nugets\nuget_uploadnugets.bat
		..\..\README.md = ..\..\README.md
	EndProjectSection
EndProject
Project("{9A19103F-16F7-4668-BE54-9A1E7A4F7556}") = "DrawnUi.Maui", "..\Engine\Maui\DrawnUi.Maui.csproj", "{D76B6239-94A0-482C-A0FF-A764017B7393}"
EndProject
Project("{9A19103F-16F7-4668-BE54-9A1E7A4F7556}") = "AppoMobi.Maui.DrawnUi.Demo", "..\..\..\AppoMobi.Maui.DrawnUi.Demo\src\AllDrawn\AppoMobi.Maui.DrawnUi.Demo.csproj", "{C71AEBDE-75FE-4FB8-BD95-FFBA2B4A642E}"
EndProject
Project("{2150E333-8FDC-42A3-9474-1A3956D46DE8}") = "Samples", "Samples", "{0DDE4AC1-3D8B-42C8-88F2-6F45B89F72F2}"
EndProject
Project("{2150E333-8FDC-42A3-9474-1A3956D46DE8}") = "Engine", "Engine", "{22EE9E7A-55C6-4F9F-9878-9376F7BC1DCC}"
EndProject
Project("{9A19103F-16F7-4668-BE54-9A1E7A4F7556}") = "Sandbox", "..\samples\Sandbox\Sandbox.csproj", "{B1AD715F-E8D9-4514-9D2C-D084E66566F7}"
EndProject
Project("{2150E333-8FDC-42A3-9474-1A3956D46DE8}") = "Addons", "Addons", "{8B60E2B6-4347-450E-9999-319D8C7697D3}"
EndProject
Project("{9A19103F-16F7-4668-BE54-9A1E7A4F7556}") = "DrawnUi.Maui.MapsUi", "..\Addons\DrawnUi.Maui.MapsUi\src\DrawnUi.Maui.MapsUi.csproj", "{D5538622-9DC4-40CD-B3E8-07BF07C3C9A5}"
EndProject
Project("{2150E333-8FDC-42A3-9474-1A3956D46DE8}") = "Test", "Test", "{507756AE-A224-4CDD-80C1-55F06502DE1B}"
EndProject
Project("{9A19103F-16F7-4668-BE54-9A1E7A4F7556}") = "SomeBenchmarks", "..\test\SomeBenchmarks\SomeBenchmarks.csproj", "{03A9CCB9-92B5-4A4A-8696-127603AE8816}"
EndProject
Project("{9A19103F-16F7-4668-BE54-9A1E7A4F7556}") = "UnitTests", "..\test\UnitTests\UnitTests.csproj", "{C8BAD2E9-FDFA-404D-85AE-2F179CA78016}"
EndProject
Project("{9A19103F-16F7-4668-BE54-9A1E7A4F7556}") = "DrawnUi.Maui.Game", "..\Addons\DrawnUi.Maui.Game\DrawnUi.Maui.Game.csproj", "{C9CABC24-B5D7-4824-BD1B-279BEF419348}"
EndProject
Project("{9A19103F-16F7-4668-BE54-9A1E7A4F7556}") = "DrawnUi.MauiGraphics", "..\Addons\DrawnUi.MauiGraphics\DrawnUi.MauiGraphics.csproj", "{FF6A6A51-01FC-4CEF-9386-D132AD9EBF18}"
EndProject
Project("{9A19103F-16F7-4668-BE54-9A1E7A4F7556}") = "DrawnUi.Maui.Rive", "..\Addons\DrawnUi.Maui.Rive\DrawnUi.Maui.Rive.csproj", "{1F524822-400E-4801-AE05-4B3A14B603AD}"
EndProject
Project("{9A19103F-16F7-4668-BE54-9A1E7A4F7556}") = "DrawnUi.Maui.Camera", "..\Addons\DrawnUi.Maui.Camera\DrawnUi.Maui.Camera.csproj", "{D4FC0BDB-3FE8-49C9-8B76-53C83128B899}"
EndProject
Project("{9A19103F-16F7-4668-BE54-9A1E7A4F7556}") = "SpaceShooter", "..\..\..\AppoMobi.Maui.DrawnUi.SpaceShooter\src\SpaceShooter.csproj", "{0F274FE1-0BB4-47FE-8886-BFB8D9B59EDF}"
EndProject
Project("{9A19103F-16F7-4668-BE54-9A1E7A4F7556}") = "SurfingApp", "..\..\..\SurfAppCompareDrawn\src\SurfingApp\SurfingApp.csproj", "{2E88BBBF-6532-4B03-B6D5-447A91C89DF8}"
EndProject
Project("{2150E333-8FDC-42A3-9474-1A3956D46DE8}") = "Issues", "Issues", "{AD293048-146D-4854-8F0C-5C42C5BFE0F5}"
EndProject
Project("{FAE04EC0-301F-11D3-BF4B-00C04F79EFBC}") = "AppoMobi.Maui.Navigation", "..\..\..\AppoMobi.Maui.Navigation\src\AppoMobi.Maui.Navigation.csproj", "{3C522D1A-08B4-4C19-BD62-9B76EA48954D}"
EndProject
Project("{D954291E-2A0B-460D-934E-DC6B0785DB48}") = "DrawnUi.Shared", "..\Engine\Shared\DrawnUi.Shared.shproj", "{83974207-9636-48DD-BDB3-98EDECBB1107}"
EndProject
Project("{FAE04EC0-301F-11D3-BF4B-00C04F79EFBC}") = "SomeMauiApp", "..\..\..\AppoMobi.Maui.DrawnUi.Demo\src\Usual\SomeMauiApp.csproj", "{2BBE558E-1366-AB76-6479-076723080679}"
EndProject
Global
	GlobalSection(SolutionConfigurationPlatforms) = preSolution
		Debug|Any CPU = Debug|Any CPU
		Release|Any CPU = Release|Any CPU
	EndGlobalSection
	GlobalSection(ProjectConfigurationPlatforms) = postSolution
		{D76B6239-94A0-482C-A0FF-A764017B7393}.Debug|Any CPU.ActiveCfg = Debug|Any CPU
		{D76B6239-94A0-482C-A0FF-A764017B7393}.Debug|Any CPU.Build.0 = Debug|Any CPU
		{D76B6239-94A0-482C-A0FF-A764017B7393}.Release|Any CPU.ActiveCfg = Release|Any CPU
		{D76B6239-94A0-482C-A0FF-A764017B7393}.Release|Any CPU.Build.0 = Release|Any CPU
		{C71AEBDE-75FE-4FB8-BD95-FFBA2B4A642E}.Debug|Any CPU.ActiveCfg = Debug|Any CPU
		{C71AEBDE-75FE-4FB8-BD95-FFBA2B4A642E}.Debug|Any CPU.Build.0 = Debug|Any CPU
		{C71AEBDE-75FE-4FB8-BD95-FFBA2B4A642E}.Debug|Any CPU.Deploy.0 = Debug|Any CPU
		{C71AEBDE-75FE-4FB8-BD95-FFBA2B4A642E}.Release|Any CPU.ActiveCfg = Release|Any CPU
		{C71AEBDE-75FE-4FB8-BD95-FFBA2B4A642E}.Release|Any CPU.Build.0 = Release|Any CPU
		{C71AEBDE-75FE-4FB8-BD95-FFBA2B4A642E}.Release|Any CPU.Deploy.0 = Release|Any CPU
		{B1AD715F-E8D9-4514-9D2C-D084E66566F7}.Debug|Any CPU.ActiveCfg = Debug|Any CPU
		{B1AD715F-E8D9-4514-9D2C-D084E66566F7}.Debug|Any CPU.Build.0 = Debug|Any CPU
		{B1AD715F-E8D9-4514-9D2C-D084E66566F7}.Debug|Any CPU.Deploy.0 = Debug|Any CPU
		{B1AD715F-E8D9-4514-9D2C-D084E66566F7}.Release|Any CPU.ActiveCfg = Release|Any CPU
		{B1AD715F-E8D9-4514-9D2C-D084E66566F7}.Release|Any CPU.Build.0 = Release|Any CPU
		{B1AD715F-E8D9-4514-9D2C-D084E66566F7}.Release|Any CPU.Deploy.0 = Release|Any CPU
		{D5538622-9DC4-40CD-B3E8-07BF07C3C9A5}.Debug|Any CPU.ActiveCfg = Debug|Any CPU
		{D5538622-9DC4-40CD-B3E8-07BF07C3C9A5}.Debug|Any CPU.Build.0 = Debug|Any CPU
		{D5538622-9DC4-40CD-B3E8-07BF07C3C9A5}.Release|Any CPU.ActiveCfg = Release|Any CPU
		{D5538622-9DC4-40CD-B3E8-07BF07C3C9A5}.Release|Any CPU.Build.0 = Release|Any CPU
		{03A9CCB9-92B5-4A4A-8696-127603AE8816}.Debug|Any CPU.ActiveCfg = Debug|Any CPU
		{03A9CCB9-92B5-4A4A-8696-127603AE8816}.Debug|Any CPU.Build.0 = Debug|Any CPU
		{03A9CCB9-92B5-4A4A-8696-127603AE8816}.Release|Any CPU.ActiveCfg = Release|Any CPU
		{03A9CCB9-92B5-4A4A-8696-127603AE8816}.Release|Any CPU.Build.0 = Release|Any CPU
		{C8BAD2E9-FDFA-404D-85AE-2F179CA78016}.Debug|Any CPU.ActiveCfg = Debug|Any CPU
		{C8BAD2E9-FDFA-404D-85AE-2F179CA78016}.Debug|Any CPU.Build.0 = Debug|Any CPU
		{C8BAD2E9-FDFA-404D-85AE-2F179CA78016}.Release|Any CPU.ActiveCfg = Release|Any CPU
		{C8BAD2E9-FDFA-404D-85AE-2F179CA78016}.Release|Any CPU.Build.0 = Release|Any CPU
		{C9CABC24-B5D7-4824-BD1B-279BEF419348}.Debug|Any CPU.ActiveCfg = Debug|Any CPU
		{C9CABC24-B5D7-4824-BD1B-279BEF419348}.Debug|Any CPU.Build.0 = Debug|Any CPU
		{C9CABC24-B5D7-4824-BD1B-279BEF419348}.Release|Any CPU.ActiveCfg = Release|Any CPU
		{C9CABC24-B5D7-4824-BD1B-279BEF419348}.Release|Any CPU.Build.0 = Release|Any CPU
		{FF6A6A51-01FC-4CEF-9386-D132AD9EBF18}.Debug|Any CPU.ActiveCfg = Debug|Any CPU
		{FF6A6A51-01FC-4CEF-9386-D132AD9EBF18}.Debug|Any CPU.Build.0 = Debug|Any CPU
		{FF6A6A51-01FC-4CEF-9386-D132AD9EBF18}.Release|Any CPU.ActiveCfg = Release|Any CPU
		{FF6A6A51-01FC-4CEF-9386-D132AD9EBF18}.Release|Any CPU.Build.0 = Release|Any CPU
		{1F524822-400E-4801-AE05-4B3A14B603AD}.Debug|Any CPU.ActiveCfg = Debug|Any CPU
		{1F524822-400E-4801-AE05-4B3A14B603AD}.Debug|Any CPU.Build.0 = Debug|Any CPU
		{1F524822-400E-4801-AE05-4B3A14B603AD}.Release|Any CPU.ActiveCfg = Release|Any CPU
		{1F524822-400E-4801-AE05-4B3A14B603AD}.Release|Any CPU.Build.0 = Release|Any CPU
		{D4FC0BDB-3FE8-49C9-8B76-53C83128B899}.Debug|Any CPU.ActiveCfg = Debug|Any CPU
		{D4FC0BDB-3FE8-49C9-8B76-53C83128B899}.Debug|Any CPU.Build.0 = Debug|Any CPU
		{D4FC0BDB-3FE8-49C9-8B76-53C83128B899}.Release|Any CPU.ActiveCfg = Release|Any CPU
		{D4FC0BDB-3FE8-49C9-8B76-53C83128B899}.Release|Any CPU.Build.0 = Release|Any CPU
		{0F274FE1-0BB4-47FE-8886-BFB8D9B59EDF}.Debug|Any CPU.ActiveCfg = Debug|Any CPU
		{0F274FE1-0BB4-47FE-8886-BFB8D9B59EDF}.Debug|Any CPU.Build.0 = Debug|Any CPU
		{0F274FE1-0BB4-47FE-8886-BFB8D9B59EDF}.Debug|Any CPU.Deploy.0 = Debug|Any CPU
		{0F274FE1-0BB4-47FE-8886-BFB8D9B59EDF}.Release|Any CPU.ActiveCfg = Release|Any CPU
		{0F274FE1-0BB4-47FE-8886-BFB8D9B59EDF}.Release|Any CPU.Build.0 = Release|Any CPU
		{0F274FE1-0BB4-47FE-8886-BFB8D9B59EDF}.Release|Any CPU.Deploy.0 = Release|Any CPU
		{2E88BBBF-6532-4B03-B6D5-447A91C89DF8}.Debug|Any CPU.ActiveCfg = Debug|Any CPU
		{2E88BBBF-6532-4B03-B6D5-447A91C89DF8}.Debug|Any CPU.Build.0 = Debug|Any CPU
		{2E88BBBF-6532-4B03-B6D5-447A91C89DF8}.Debug|Any CPU.Deploy.0 = Debug|Any CPU
		{2E88BBBF-6532-4B03-B6D5-447A91C89DF8}.Release|Any CPU.ActiveCfg = Release|Any CPU
		{2E88BBBF-6532-4B03-B6D5-447A91C89DF8}.Release|Any CPU.Build.0 = Release|Any CPU
		{2E88BBBF-6532-4B03-B6D5-447A91C89DF8}.Release|Any CPU.Deploy.0 = Release|Any CPU
		{3C522D1A-08B4-4C19-BD62-9B76EA48954D}.Debug|Any CPU.ActiveCfg = Debug|Any CPU
		{3C522D1A-08B4-4C19-BD62-9B76EA48954D}.Debug|Any CPU.Build.0 = Debug|Any CPU
		{3C522D1A-08B4-4C19-BD62-9B76EA48954D}.Release|Any CPU.ActiveCfg = Release|Any CPU
		{3C522D1A-08B4-4C19-BD62-9B76EA48954D}.Release|Any CPU.Build.0 = Release|Any CPU
		{2BBE558E-1366-AB76-6479-076723080679}.Debug|Any CPU.ActiveCfg = Debug|Any CPU
		{2BBE558E-1366-AB76-6479-076723080679}.Debug|Any CPU.Build.0 = Debug|Any CPU
		{2BBE558E-1366-AB76-6479-076723080679}.Debug|Any CPU.Deploy.0 = Debug|Any CPU
		{2BBE558E-1366-AB76-6479-076723080679}.Release|Any CPU.ActiveCfg = Release|Any CPU
		{2BBE558E-1366-AB76-6479-076723080679}.Release|Any CPU.Build.0 = Release|Any CPU
		{2BBE558E-1366-AB76-6479-076723080679}.Release|Any CPU.Deploy.0 = Release|Any CPU
	EndGlobalSection
	GlobalSection(SolutionProperties) = preSolution
		HideSolutionNode = FALSE
	EndGlobalSection
	GlobalSection(NestedProjects) = preSolution
		{D76B6239-94A0-482C-A0FF-A764017B7393} = {22EE9E7A-55C6-4F9F-9878-9376F7BC1DCC}
		{C71AEBDE-75FE-4FB8-BD95-FFBA2B4A642E} = {0DDE4AC1-3D8B-42C8-88F2-6F45B89F72F2}
		{B1AD715F-E8D9-4514-9D2C-D084E66566F7} = {0DDE4AC1-3D8B-42C8-88F2-6F45B89F72F2}
		{D5538622-9DC4-40CD-B3E8-07BF07C3C9A5} = {8B60E2B6-4347-450E-9999-319D8C7697D3}
		{03A9CCB9-92B5-4A4A-8696-127603AE8816} = {507756AE-A224-4CDD-80C1-55F06502DE1B}
		{C8BAD2E9-FDFA-404D-85AE-2F179CA78016} = {507756AE-A224-4CDD-80C1-55F06502DE1B}
		{C9CABC24-B5D7-4824-BD1B-279BEF419348} = {8B60E2B6-4347-450E-9999-319D8C7697D3}
		{FF6A6A51-01FC-4CEF-9386-D132AD9EBF18} = {8B60E2B6-4347-450E-9999-319D8C7697D3}
		{1F524822-400E-4801-AE05-4B3A14B603AD} = {8B60E2B6-4347-450E-9999-319D8C7697D3}
		{D4FC0BDB-3FE8-49C9-8B76-53C83128B899} = {8B60E2B6-4347-450E-9999-319D8C7697D3}
		{0F274FE1-0BB4-47FE-8886-BFB8D9B59EDF} = {0DDE4AC1-3D8B-42C8-88F2-6F45B89F72F2}
		{2E88BBBF-6532-4B03-B6D5-447A91C89DF8} = {0DDE4AC1-3D8B-42C8-88F2-6F45B89F72F2}
		{83974207-9636-48DD-BDB3-98EDECBB1107} = {22EE9E7A-55C6-4F9F-9878-9376F7BC1DCC}
		{2BBE558E-1366-AB76-6479-076723080679} = {0DDE4AC1-3D8B-42C8-88F2-6F45B89F72F2}
	EndGlobalSection
	GlobalSection(ExtensibilityGlobals) = postSolution
		SolutionGuid = {08E673B7-06BF-468C-8D6C-2D1AA8E4A8CA}
	EndGlobalSection
	GlobalSection(SharedMSBuildProjectFiles) = preSolution
		..\Engine\Shared\Shared.projitems*{83974207-9636-48dd-bdb3-98edecbb1107}*SharedItemsImports = 13
		..\Engine\Shared\Shared.projitems*{d76b6239-94a0-482c-a0ff-a764017b7393}*SharedItemsImports = 5
	EndGlobalSection
EndGlobal
